
Microsoft Visual Studio Solution File, Format Version 12.00
# Visual Studio 15
VisualStudioVersion = 15.0.27703.2042
MinimumVisualStudioVersion = 10.0.40219.1
Project("{9A19103F-16F7-4668-BE54-9A1E7A4F7556}") = "Visify", "Visify\Visify.csproj", "{C7DEF6B1-18C5-4320-AAB3-14E2A13B187A}"
EndProject
Project("{9A19103F-16F7-4668-BE54-9A1E7A4F7556}") = "DotNetStandardSpotifyWebApi", "..\..\..\lyricall\lyricallserver\DotNetStandardSpotifyWebApi\DotNetStandardSpotifyWebApi\DotNetStandardSpotifyWebApi.csproj", "{E99969E4-0152-47A6-B480-36EBF9DC0474}"
EndProject
Global
	GlobalSection(SolutionConfigurationPlatforms) = preSolution
		Debug|Any CPU = Debug|Any CPU
		Release|Any CPU = Release|Any CPU
		ubtest|Any CPU = ubtest|Any CPU
	EndGlobalSection
	GlobalSection(ProjectConfigurationPlatforms) = postSolution
		{C7DEF6B1-18C5-4320-AAB3-14E2A13B187A}.Debug|Any CPU.ActiveCfg = Debug|Any CPU
		{C7DEF6B1-18C5-4320-AAB3-14E2A13B187A}.Debug|Any CPU.Build.0 = Debug|Any CPU
		{C7DEF6B1-18C5-4320-AAB3-14E2A13B187A}.Release|Any CPU.ActiveCfg = Release|Any CPU
		{C7DEF6B1-18C5-4320-AAB3-14E2A13B187A}.Release|Any CPU.Build.0 = Release|Any CPU
		{C7DEF6B1-18C5-4320-AAB3-14E2A13B187A}.ubtest|Any CPU.ActiveCfg = Release|Any CPU
		{C7DEF6B1-18C5-4320-AAB3-14E2A13B187A}.ubtest|Any CPU.Build.0 = Release|Any CPU
		{E99969E4-0152-47A6-B480-36EBF9DC0474}.Debug|Any CPU.ActiveCfg = Debug|Any CPU
		{E99969E4-0152-47A6-B480-36EBF9DC0474}.Debug|Any CPU.Build.0 = Debug|Any CPU
		{E99969E4-0152-47A6-B480-36EBF9DC0474}.Release|Any CPU.ActiveCfg = Release|Any CPU
		{E99969E4-0152-47A6-B480-36EBF9DC0474}.Release|Any CPU.Build.0 = Release|Any CPU
		{E99969E4-0152-47A6-B480-36EBF9DC0474}.ubtest|Any CPU.ActiveCfg = ubtest|Any CPU
		{E99969E4-0152-47A6-B480-36EBF9DC0474}.ubtest|Any CPU.Build.0 = ubtest|Any CPU
	EndGlobalSection
	GlobalSection(SolutionProperties) = preSolution
		HideSolutionNode = FALSE
	EndGlobalSection
	GlobalSection(ExtensibilityGlobals) = postSolution
		SolutionGuid = {893AE3FA-98A1-402E-84B4-20758CDD968A}
	EndGlobalSection
EndGlobal
